{
  "nodes": {
    "catppuccin": {
      "inputs": {
        "nixpkgs": [
          "nixpkgs"
        ]
      },
      "locked": {
        "lastModified": 1776420287,
        "narHash": "sha256-0P2QyDM8R1FFww//TNDLTRVnVkQxVdbEVQiVuyD1SqY=",
        "owner": "catppuccin",
        "repo": "nix",
        "rev": "bdf0285dc7978ebd78b76054631d7ef05680895e",
        "type": "github"
      },
      "original": {
        "owner": "catppuccin",
        "repo": "nix",
        "type": "github"
      }
    },
    "flake-parts": {
      "inputs": {
        "nixpkgs-lib": [
          "nur",
          "nixpkgs"
        ]
      },
      "locked": {
        "lastModified": 1733312601,
        "narHash": "sha256-4pDvzqnegAfRkPwO3wmwBhVi/Sye1mzps0zHWYnP88c=",
        "owner": "hercules-ci",
        "repo": "flake-parts",
        "rev": "205b12d8b7cd4802fbcb8e8ef6a0f1408781a4f9",
        "type": "github"
      },
      "original": {
        "owner": "hercules-ci",
        "repo": "flake-parts",
        "type": "github"
      }
    },
    "home-manager": {
      "inputs": {
        "nixpkgs": [
          "nixpkgs"
        ]
      },
      "locked": {
        "lastModified": 1776562531,
        "narHash": "sha256-Lh5Ns9DI67E+lSMOCGK0S+mFPy0mz0yOGiJTUXiR9JI=",
        "owner": "nix-community",
        "repo": "home-manager",
        "rev": "5b56ad02dc643808b8af6d5f3ff179e2ce9593f4",
        "type": "github"
      },
      "original": {
        "owner": "nix-community",
        "ref": "master",
        "repo": "home-manager",
        "type": "github"
      }
    },
    "nixpkgs": {
      "locked": {
        "lastModified": 1776169885,
        "narHash": "sha256-l/iNYDZ4bGOAFQY2q8y5OAfBBtrDAaPuRQqWaFHVRXM=",
        "owner": "NixOS",
        "repo": "nixpkgs",
        "rev": "4bd9165a9165d7b5e33ae57f3eecbcb28fb231c9",
        "type": "github"
      },
      "original": {
        "owner": "NixOS",
        "ref": "nixos-unstable",
        "repo": "nixpkgs",
        "type": "github"
      }
    },
    "nur": {
      "inputs": {
        "flake-parts": "flake-parts",
        "nixpkgs": [
          "nixpkgs"
        ]
      },
      "locked": {
        "lastModified": 1776568728,
        "narHash": "sha256-dIMKXEDq5C7NP488z4neU1ZCam0GjkdHZol7VHb6+P4=",
        "owner": "nix-community",
        "repo": "NUR",
        "rev": "4b381d196b440af622c93e83ac72ce55b798cad3",
        "type": "github"
      },
      "original": {
        "owner": "nix-community",
        "repo": "NUR",
        "type": "github"
      }
    },
    "root": {
      "inputs": {
        "catppuccin": "catppuccin",
        "home-manager": "home-manager",
        "nixpkgs": "nixpkgs",
        "nur": "nur"
      }
    }
  },
  "root": "root",
  "version": 7
}
